// !$*UTF8*$!
{
	archiveVersion = 1;
	classes = {
	};
	objectVersion = 55;
	objects = {

/* Begin PBXBuildFile section */
		AC565C0C28699723007AEF3D /* AppDelegate.swift in Sources */ = {isa = PBXBuildFile; fileRef = AC565C0B28699723007AEF3D /* AppDelegate.swift */; };
		AC565C0E28699723007AEF3D /* SceneDelegate.swift in Sources */ = {isa = PBXBuildFile; fileRef = AC565C0D28699723007AEF3D /* SceneDelegate.swift */; };
		AC565C1028699723007AEF3D /* ViewController.swift in Sources */ = {isa = PBXBuildFile; fileRef = AC565C0F28699723007AEF3D /* ViewController.swift */; };
		AC565C1328699723007AEF3D /* Main.storyboard in Resources */ = {isa = PBXBuildFile; fileRef = AC565C1128699723007AEF3D /* Main.storyboard */; };
		AC565C1528699724007AEF3D /* Assets.xcassets in Resources */ = {isa = PBXBuildFile; fileRef = AC565C1428699724007AEF3D /* Assets.xcassets */; };
		AC565C1828699724007AEF3D /* LaunchScreen.storyboard in Resources */ = {isa = PBXBuildFile; fileRef = AC565C1628699724007AEF3D /* LaunchScreen.storyboard */; };
		AC565C20286998DD007AEF3D /* RecipeTVC.swift in Sources */ = {isa = PBXBuildFile; fileRef = AC565C1F286998DD007AEF3D /* RecipeTVC.swift */; };
		AC565C2228699912007AEF3D /* RecipeDetailVC.swift in Sources */ = {isa = PBXBuildFile; fileRef = AC565C2128699912007AEF3D /* RecipeDetailVC.swift */; };
		AC565C2428699B39007AEF3D /* Recipe.swift in Sources */ = {isa = PBXBuildFile; fileRef = AC565C2328699B39007AEF3D /* Recipe.swift */; };
/* End PBXBuildFile section */

/* Begin PBXFileReference section */
		AC565C0828699723007AEF3D /* ios2022_s22_msc_exam_TABET_ABDESSLAM.app */ = {isa = PBXFileReference; explicitFileType = wrapper.application; includeInIndex = 0; path = ios2022_s22_msc_exam_TABET_ABDESSLAM.app; sourceTree = BUILT_PRODUCTS_DIR; };
		AC565C0B28699723007AEF3D /* AppDelegate.swift */ = {isa = PBXFileReference; lastKnownFileType = sourcecode.swift; path = AppDelegate.swift; sourceTree = "<group>"; };
		AC565C0D28699723007AEF3D /* SceneDelegate.swift */ = {isa = PBXFileReference; lastKnownFileType = sourcecode.swift; path = SceneDelegate.swift; sourceTree = "<group>"; };
		AC565C0F28699723007AEF3D /* ViewController.swift */ = {isa = PBXFileReference; lastKnownFileType = sourcecode.swift; path = ViewController.swift; sourceTree = "<group>"; };
		AC565C1228699723007AEF3D /* Base */ = {isa = PBXFileReference; lastKnownFileType = file.storyboard; name = Base; path = Base.lproj/Main.storyboard; sourceTree = "<group>"; };
		AC565C1428699724007AEF3D /* Assets.xcassets */ = {isa = PBXFileReference; lastKnownFileType = folder.assetcatalog; path = Assets.xcassets; sourceTree = "<group>"; };
		AC565C1728699724007AEF3D /* Base */ = {isa = PBXFileReference; lastKnownFileType = file.storyboard; name = Base; path = Base.lproj/LaunchScreen.storyboard; sourceTree = "<group>"; };
		AC565C1928699724007AEF3D /* Info.plist */ = {isa = PBXFileReference; lastKnownFileType = text.plist.xml; path = Info.plist; sourceTree = "<group>"; };
		AC565C1F286998DD007AEF3D /* RecipeTVC.swift */ = {isa = PBXFileReference; lastKnownFileType = sourcecode.swift; path = RecipeTVC.swift; sourceTree = "<group>"; };
		AC565C2128699912007AEF3D /* RecipeDetailVC.swift */ = {isa = PBXFileReference; lastKnownFileType = sourcecode.swift; path = RecipeDetailVC.swift; sourceTree = "<group>"; };
		AC565C2328699B39007AEF3D /* Recipe.swift */ = {isa = PBXFileReference; lastKnownFileType = sourcecode.swift; path = Recipe.swift; sourceTree = "<group>"; };
/* End PBXFileReference section */

/* Begin PBXFrameworksBuildPhase section */
		AC565C0528699723007AEF3D /* Frameworks */ = {
			isa = PBXFrameworksBuildPhase;
			buildActionMask = 2147483647;
			files = (
			);
			runOnlyForDeploymentPostprocessing = 0;
		};
/* End PBXFrameworksBuildPhase section */

/* Begin PBXGroup section */
		AC565BFF28699723007AEF3D = {
			isa = PBXGroup;
			children = (
				AC565C0A28699723007AEF3D /* ios2022_s22_msc_exam_TABET_ABDESSLAM */,
				AC565C0928699723007AEF3D /* Products */,
			);
			sourceTree = "<group>";
		};
		AC565C0928699723007AEF3D /* Products */ = {
			isa = PBXGroup;
			children = (
				AC565C0828699723007AEF3D /* ios2022_s22_msc_exam_TABET_ABDESSLAM.app */,
			);
			name = Products;
			sourceTree = "<group>";
		};
		AC565C0A28699723007AEF3D /* ios2022_s22_msc_exam_TABET_ABDESSLAM */ = {
			isa = PBXGroup;
			children = (
				AC565C0B28699723007AEF3D /* AppDelegate.swift */,
				AC565C0D28699723007AEF3D /* SceneDelegate.swift */,
				AC565C0F28699723007AEF3D /* ViewController.swift */,
				AC565C2128699912007AEF3D /* RecipeDetailVC.swift */,
				AC565C2328699B39007AEF3D /* Recipe.swift */,
				AC565C1F286998DD007AEF3D /* RecipeTVC.swift */,
				AC565C1128699723007AEF3D /* Main.storyboard */,
				AC565C1428699724007AEF3D /* Assets.xcassets */,
				AC565C1628699724007AEF3D /* LaunchScreen.storyboard */,
				AC565C1928699724007AEF3D /* Info.plist */,
			);
			path = ios2022_s22_msc_exam_TABET_ABDESSLAM;
			sourceTree = "<group>";
		};
/* End PBXGroup section */

/* Begin PBXNativeTarget section */
		AC565C0728699723007AEF3D /* ios2022_s22_msc_exam_TABET_ABDESSLAM */ = {
			isa = PBXNativeTarget;
			buildConfigurationList = AC565C1C28699724007AEF3D /* Build configuration list for PBXNativeTarget "ios2022_s22_msc_exam_TABET_ABDESSLAM" */;
			buildPhases = (
				AC565C0428699723007AEF3D /* Sources */,
				AC565C0528699723007AEF3D /* Frameworks */,
				AC565C0628699723007AEF3D /* Resources */,
			);
			buildRules = (
			);
			dependencies = (
			);
			name = ios2022_s22_msc_exam_TABET_ABDESSLAM;
			productName = ios2022_s22_msc_exam_TABET_ABDESSLAM;
			productReference = AC565C0828699723007AEF3D /* ios2022_s22_msc_exam_TABET_ABDESSLAM.app */;
			productType = "com.apple.product-type.application";
		};
/* End PBXNativeTarget section */

/* Begin PBXProject section */
		AC565C0028699723007AEF3D /* Project object */ = {
			isa = PBXProject;
			attributes = {
				BuildIndependentTargetsInParallel = 1;
				LastSwiftUpdateCheck = 1310;
				LastUpgradeCheck = 1310;
				TargetAttributes = {
					AC565C0728699723007AEF3D = {
						CreatedOnToolsVersion = 13.1;
					};
				};
			};
			buildConfigurationList = AC565C0328699723007AEF3D /* Build configuration list for PBXProject "ios2022_s22_msc_exam_TABET_ABDESSLAM" */;
			compatibilityVersion = "Xcode 13.0";
			developmentRegion = en;
			hasScannedForEncodings = 0;
			knownRegions = (
				en,
				Base,
			);
			mainGroup = AC565BFF28699723007AEF3D;
			productRefGroup = AC565C0928699723007AEF3D /* Products */;
			projectDirPath = "";
			projectRoot = "";
			targets = (
				AC565C0728699723007AEF3D /* ios2022_s22_msc_exam_TABET_ABDESSLAM */,
			);
		};
/* End PBXProject section */

/* Begin PBXResourcesBuildPhase section */
		AC565C0628699723007AEF3D /* Resources */ = {
			isa = PBXResourcesBuildPhase;
			buildActionMask = 2147483647;
			files = (
				AC565C1828699724007AEF3D /* LaunchScreen.storyboard in Resources */,
				AC565C1528699724007AEF3D /* Assets.xcassets in Resources */,
				AC565C1328699723007AEF3D /* Main.storyboard in Resources */,
			);
			runOnlyForDeploymentPostprocessing = 0;
		};
/* End PBXResourcesBuildPhase section */

/* Begin PBXSourcesBuildPhase section */
		AC565C0428699723007AEF3D /* Sources */ = {
			isa = PBXSourcesBuildPhase;
			buildActionMask = 2147483647;
			files = (
				AC565C1028699723007AEF3D /* ViewController.swift in Sources */,
				AC565C0C28699723007AEF3D /* AppDelegate.swift in Sources */,
				AC565C0E28699723007AEF3D /* SceneDelegate.swift in Sources */,
				AC565C2428699B39007AEF3D /* Recipe.swift in Sources */,
				AC565C2228699912007AEF3D /* RecipeDetailVC.swift in Sources */,
				AC565C20286998DD007AEF3D /* RecipeTVC.swift in Sources */,
			);
			runOnlyForDeploymentPostprocessing = 0;
		};
/* End PBXSourcesBuildPhase section */

/* Begin PBXVariantGroup section */
		AC565C1128699723007AEF3D /* Main.storyboard */ = {
			isa = PBXVariantGroup;
			children = (
				AC565C1228699723007AEF3D /* Base */,
			);
			name = Main.storyboard;
			sourceTree = "<group>";
		};
		AC565C1628699724007AEF3D /* LaunchScreen.storyboard */ = {
			isa = PBXVariantGroup;
			children = (
				AC565C1728699724007AEF3D /* Base */,
			);
			name = LaunchScreen.storyboard;
			sourceTree = "<group>";
		};
/* End PBXVariantGroup section */

/* Begin XCBuildConfiguration section */
		AC565C1A28699724007AEF3D /* Debug */ = {
			isa = XCBuildConfiguration;
			buildSettings = {
				ALWAYS_SEARCH_USER_PATHS = NO;
				CLANG_ANALYZER_NONNULL = YES;
				CLANG_ANALYZER_NUMBER_OBJECT_CONVERSION = YES_AGGRESSIVE;
				CLANG_CXX_LANGUAGE_STANDARD = "gnu++17";
				CLANG_CXX_LIBRARY = "libc++";
				CLANG_ENABLE_MODULES = YES;
				CLANG_ENABLE_OBJC_ARC = YES;
				CLANG_ENABLE_OBJC_WEAK = YES;
				CLANG_WARN_BLOCK_CAPTURE_AUTORELEASING = YES;
				CLANG_WARN_BOOL_CONVERSION = YES;
				CLANG_WARN_COMMA = YES;
				CLANG_WARN_CONSTANT_CONVERSION = YES;
				CLANG_WARN_DEPRECATED_OBJC_IMPLEMENTATIONS = YES;
				CLANG_WARN_DIRECT_OBJC_ISA_USAGE = YES_ERROR;
				CLANG_WARN_DOCUMENTATION_COMMENTS = YES;
				CLANG_WARN_EMPTY_BODY = YES;
				CLANG_WARN_ENUM_CONVERSION = YES;
				CLANG_WARN_INFINITE_RECURSION = YES;
				CLANG_WARN_INT_CONVERSION = YES;
				CLANG_WARN_NON_LITERAL_NULL_CONVERSION = YES;
				CLANG_WARN_OBJC_IMPLICIT_RETAIN_SELF = YES;
				CLANG_WARN_OBJC_LITERAL_CONVERSION = YES;
				CLANG_WARN_OBJC_ROOT_CLASS = YES_ERROR;
				CLANG_WARN_QUOTED_INCLUDE_IN_FRAMEWORK_HEADER = YES;
				CLANG_WARN_RANGE_LOOP_ANALYSIS = YES;
				CLANG_WARN_STRICT_PROTOTYPES = YES;
				CLANG_WARN_SUSPICIOUS_MOVE = YES;
				CLANG_WARN_UNGUARDED_AVAILABILITY = YES_AGGRESSIVE;
				CLANG_WARN_UNREACHABLE_CODE = YES;
				CLANG_WARN__DUPLICATE_METHOD_MATCH = YES;
				COPY_PHASE_STRIP = NO;
				DEBUG_INFORMATION_FORMAT = dwarf;
				ENABLE_STRICT_OBJC_MSGSEND = YES;
				ENABLE_TESTABILITY = YES;
				GCC_C_LANGUAGE_STANDARD = gnu11;
				GCC_DYNAMIC_NO_PIC = NO;
				GCC_NO_COMMON_BLOCKS = YES;
				GCC_OPTIMIZATION_LEVEL = 0;
				GCC_PREPROCESSOR_DEFINITIONS = (
					"DEBUG=1",
					"$(inherited)",
				);
				GCC_WARN_64_TO_32_BIT_CONVERSION = YES;
				GCC_WARN_ABOUT_RETURN_TYPE = YES_ERROR;
				GCC_WARN_UNDECLARED_SELECTOR = YES;
				GCC_WARN_UNINITIALIZED_AUTOS = YES_AGGRESSIVE;
				GCC_WARN_UNUSED_FUNCTION = YES;
				GCC_WARN_UNUSED_VARIABLE = YES;
				IPHONEOS_DEPLOYMENT_TARGET = 15.0;
				MTL_ENABLE_DEBUG_INFO = INCLUDE_SOURCE;
				MTL_FAST_MATH = YES;
				ONLY_ACTIVE_ARCH = YES;
				SDKROOT = iphoneos;
				SWIFT_ACTIVE_COMPILATION_CONDITIONS = DEBUG;
				SWIFT_OPTIMIZATION_LEVEL = "-Onone";
			};
			name = Debug;
		};
		AC565C1B28699724007AEF3D /* Release */ = {
			isa = XCBuildConfiguration;
			buildSettings = {
				ALWAYS_SEARCH_USER_PATHS = NO;
				CLANG_ANALYZER_NONNULL = YES;
				CLANG_ANALYZER_NUMBER_OBJECT_CONVERSION = YES_AGGRESSIVE;
				CLANG_CXX_LANGUAGE_STANDARD = "gnu++17";
				CLANG_CXX_LIBRARY = "libc++";
				CLANG_ENABLE_MODULES = YES;
				CLANG_ENABLE_OBJC_ARC = YES;
				CLANG_ENABLE_OBJC_WEAK = YES;
				CLANG_WARN_BLOCK_CAPTURE_AUTORELEASING = YES;
				CLANG_WARN_BOOL_CONVERSION = YES;
				CLANG_WARN_COMMA = YES;
				CLANG_WARN_CONSTANT_CONVERSION = YES;
				CLANG_WARN_DEPRECATED_OBJC_IMPLEMENTATIONS = YES;
				CLANG_WARN_DIRECT_OBJC_ISA_USAGE = YES_ERROR;
				CLANG_WARN_DOCUMENTATION_COMMENTS = YES;
				CLANG_WARN_EMPTY_BODY = YES;
				CLANG_WARN_ENUM_CONVERSION = YES;
				CLANG_WARN_INFINITE_RECURSION = YES;
				CLANG_WARN_INT_CONVERSION = YES;
				CLANG_WARN_NON_LITERAL_NULL_CONVERSION = YES;
				CLANG_WARN_OBJC_IMPLICIT_RETAIN_SELF = YES;
				CLANG_WARN_OBJC_LITERAL_CONVERSION = YES;
				CLANG_WARN_OBJC_ROOT_CLASS = YES_ERROR;
				CLANG_WARN_QUOTED_INCLUDE_IN_FRAMEWORK_HEADER = YES;
				CLANG_WARN_RANGE_LOOP_ANALYSIS = YES;
				CLANG_WARN_STRICT_PROTOTYPES = YES;
				CLANG_WARN_SUSPICIOUS_MOVE = YES;
				CLANG_WARN_UNGUARDED_AVAILABILITY = YES_AGGRESSIVE;
				CLANG_WARN_UNREACHABLE_CODE = YES;
				CLANG_WARN__DUPLICATE_METHOD_MATCH = YES;
				COPY_PHASE_STRIP = NO;
				DEBUG_INFORMATION_FORMAT = "dwarf-with-dsym";
				ENABLE_NS_ASSERTIONS = NO;
				ENABLE_STRICT_OBJC_MSGSEND = YES;
				GCC_C_LANGUAGE_STANDARD = gnu11;
				GCC_NO_COMMON_BLOCKS = YES;
				GCC_WARN_64_TO_32_BIT_CONVERSION = YES;
				GCC_WARN_ABOUT_RETURN_TYPE = YES_ERROR;
				GCC_WARN_UNDECLARED_SELECTOR = YES;
				GCC_WARN_UNINITIALIZED_AUTOS = YES_AGGRESSIVE;
				GCC_WARN_UNUSED_FUNCTION = YES;
				GCC_WARN_UNUSED_VARIABLE = YES;
				IPHONEOS_DEPLOYMENT_TARGET = 15.0;
				MTL_ENABLE_DEBUG_INFO = NO;
				MTL_FAST_MATH = YES;
				SDKROOT = iphoneos;
				SWIFT_COMPILATION_MODE = wholemodule;
				SWIFT_OPTIMIZATION_LEVEL = "-O";
				VALIDATE_PRODUCT = YES;
			};
			name = Release;
		};
		AC565C1D28699724007AEF3D /* Debug */ = {
			isa = XCBuildConfiguration;
			buildSettings = {
				ASSETCATALOG_COMPILER_APPICON_NAME = AppIcon;
				ASSETCATALOG_COMPILER_GLOBAL_ACCENT_COLOR_NAME = AccentColor;
				CODE_SIGN_STYLE = Automatic;
				CURRENT_PROJECT_VERSION = 1;
				GENERATE_INFOPLIST_FILE = YES;
				INFOPLIST_FILE = ios2022_s22_msc_exam_TABET_ABDESSLAM/Info.plist;
				INFOPLIST_KEY_UIApplicationSupportsIndirectInputEvents = YES;
				INFOPLIST_KEY_UILaunchStoryboardName = LaunchScreen;
				INFOPLIST_KEY_UIMainStoryboardFile = Main;
				INFOPLIST_KEY_UISupportedInterfaceOrientations_iPad = "UIInterfaceOrientationPortrait UIInterfaceOrientationPortraitUpsideDown UIInterfaceOrientationLandscapeLeft UIInterfaceOrientationLandscapeRight";
				INFOPLIST_KEY_UISupportedInterfaceOrientations_iPhone = "UIInterfaceOrientationPortrait UIInterfaceOrientationLandscapeLeft UIInterfaceOrientationLandscapeRight";
				LD_RUNPATH_SEARCH_PATHS = (
					"$(inherited)",
					"@executable_path/Frameworks",
				);
				MARKETING_VERSION = 1.0;
				PRODUCT_BUNDLE_IDENTIFIER = "charbelsidi.ios2022-s22-msc-exam-TABET-ABDESSLAM";
				PRODUCT_NAME = "$(TARGET_NAME)";
				SWIFT_EMIT_LOC_STRINGS = YES;
				SWIFT_VERSION = 5.0;
				TARGETED_DEVICE_FAMILY = "1,2";
			};
			name = Debug;
		};
		AC565C1E28699724007AEF3D /* Release */ = {
			isa = XCBuildConfiguration;
			buildSettings = {
				ASSETCATALOG_COMPILER_APPICON_NAME = AppIcon;
				ASSETCATALOG_COMPILER_GLOBAL_ACCENT_COLOR_NAME = AccentColor;
				CODE_SIGN_STYLE = Automatic;
				CURRENT_PROJECT_VERSION = 1;
				GENERATE_INFOPLIST_FILE = YES;
				INFOPLIST_FILE = ios2022_s22_msc_exam_TABET_ABDESSLAM/Info.plist;
				INFOPLIST_KEY_UIApplicationSupportsIndirectInputEvents = YES;
				INFOPLIST_KEY_UILaunchStoryboardName = LaunchScreen;
				INFOPLIST_KEY_UIMainStoryboardFile = Main;
				INFOPLIST_KEY_UISupportedInterfaceOrientations_iPad = "UIInterfaceOrientationPortrait UIInterfaceOrientationPortraitUpsideDown UIInterfaceOrientationLandscapeLeft UIInterfaceOrientationLandscapeRight";
				INFOPLIST_KEY_UISupportedInterfaceOrientations_iPhone = "UIInterfaceOrientationPortrait UIInterfaceOrientationLandscapeLeft UIInterfaceOrientationLandscapeRight";
				LD_RUNPATH_SEARCH_PATHS = (
					"$(inherited)",
					"@executable_path/Frameworks",
				);
				MARKETING_VERSION = 1.0;
				PRODUCT_BUNDLE_IDENTIFIER = "charbelsidi.ios2022-s22-msc-exam-TABET-ABDESSLAM";
				PRODUCT_NAME = "$(TARGET_NAME)";
				SWIFT_EMIT_LOC_STRINGS = YES;
				SWIFT_VERSION = 5.0;
				TARGETED_DEVICE_FAMILY = "1,2";
			};
			name = Release;
		};
/* End XCBuildConfiguration section */

/* Begin XCConfigurationList section */
		AC565C0328699723007AEF3D /* Build configuration list for PBXProject "ios2022_s22_msc_exam_TABET_ABDESSLAM" */ = {
			isa = XCConfigurationList;
			buildConfigurations = (
				AC565C1A28699724007AEF3D /* Debug */,
				AC565C1B28699724007AEF3D /* Release */,
			);
			defaultConfigurationIsVisible = 0;
			defaultConfigurationName = Release;
		};
		AC565C1C28699724007AEF3D /* Build configuration list for PBXNativeTarget "ios2022_s22_msc_exam_TABET_ABDESSLAM" */ = {
			isa = XCConfigurationList;
			buildConfigurations = (
				AC565C1D28699724007AEF3D /* Debug */,
				AC565C1E28699724007AEF3D /* Release */,
			);
			defaultConfigurationIsVisible = 0;
			defaultConfigurationName = Release;
		};
/* End XCConfigurationList section */
	};
	rootObject = AC565C0028699723007AEF3D /* Project object */;
}
